
Microsoft Visual Studio Solution File, Format Version 12.00
# Visual Studio 15
VisualStudioVersion = 15.0.26228.9
MinimumVisualStudioVersion = 10.0.40219.1
Project("{FAE04EC0-301F-11D3-BF4B-00C04F79EFBC}") = "ShortysFTP", "ShortysFTP\ShortysFTP.csproj", "{91CD4FF9-B9C3-4F68-B8A1-1CDF43073D4E}"
EndProject
Global
	GlobalSection(SolutionConfigurationPlatforms) = preSolution
		Debug|Any CPU = Debug|Any CPU
		Release|Any CPU = Release|Any CPU
	EndGlobalSection
	GlobalSection(ProjectConfigurationPlatforms) = postSolution
		{91CD4FF9-B9C3-4F68-B8A1-1CDF43073D4E}.Debug|Any CPU.ActiveCfg = Debug|Any CPU
		{91CD4FF9-B9C3-4F68-B8A1-1CDF43073D4E}.Debug|Any CPU.Build.0 = Debug|Any CPU
		{91CD4FF9-B9C3-4F68-B8A1-1CDF43073D4E}.Release|Any CPU.ActiveCfg = Release|Any CPU
		{91CD4FF9-B9C3-4F68-B8A1-1CDF43073D4E}.Release|Any CPU.Build.0 = Release|Any CPU
	EndGlobalSection
	GlobalSection(SolutionProperties) = preSolution
		HideSolutionNode = FALSE
	EndGlobalSection
EndGlobal
